
Microsoft Visual Studio Solution File, Format Version 12.00
# Visual Studio Version 16
VisualStudioVersion = 16.0.31205.134
MinimumVisualStudioVersion = 10.0.40219.1
Project("{FAE04EC0-301F-11D3-BF4B-00C04F79EFBC}") = "TeorForm_lab1", "TeorForm_lab1\TeorForm_lab1.csproj", "{D75E0711-A528-4830-B4FB-054D752B70E9}"
EndProject
Project("{FAE04EC0-301F-11D3-BF4B-00C04F79EFBC}") = "CI_CPLUS_PLUS_TESTS", "CI_CPLUS_PLUS_TESTS\CI_CPLUS_PLUS_TESTS.csproj", "{A1F727AE-55C8-46F0-B06A-5A71948AA6B7}"
EndProject
Global
	GlobalSection(SolutionConfigurationPlatforms) = preSolution
		Debug|Any CPU = Debug|Any CPU
		Release|Any CPU = Release|Any CPU
	EndGlobalSection
	GlobalSection(ProjectConfigurationPlatforms) = postSolution
		{D75E0711-A528-4830-B4FB-054D752B70E9}.Debug|Any CPU.ActiveCfg = Debug|Any CPU
		{D75E0711-A528-4830-B4FB-054D752B70E9}.Debug|Any CPU.Build.0 = Debug|Any CPU
		{D75E0711-A528-4830-B4FB-054D752B70E9}.Release|Any CPU.ActiveCfg = Release|Any CPU
		{D75E0711-A528-4830-B4FB-054D752B70E9}.Release|Any CPU.Build.0 = Release|Any CPU
		{A1F727AE-55C8-46F0-B06A-5A71948AA6B7}.Debug|Any CPU.ActiveCfg = Debug|Any CPU
		{A1F727AE-55C8-46F0-B06A-5A71948AA6B7}.Debug|Any CPU.Build.0 = Debug|Any CPU
		{A1F727AE-55C8-46F0-B06A-5A71948AA6B7}.Release|Any CPU.ActiveCfg = Release|Any CPU
		{A1F727AE-55C8-46F0-B06A-5A71948AA6B7}.Release|Any CPU.Build.0 = Release|Any CPU
	EndGlobalSection
	GlobalSection(SolutionProperties) = preSolution
		HideSolutionNode = FALSE
	EndGlobalSection
	GlobalSection(ExtensibilityGlobals) = postSolution
		SolutionGuid = {6E404DC5-9F88-494A-AF18-F8C1608A3CA3}
	EndGlobalSection
EndGlobal
